lockfileVersion: '9.0'

settings:
  autoInstallPeers: true
  excludeLinksFromLockfile: false

importers:

  .:
    dependencies:
      open:
        specifier: ^11.0.1
        version: 11.0.1
    devDependencies:
      publint:
        specifier: ^0.3.24
        version: 0.3.24

packages:

  '@publint/pack@0.1.7':
    resolution: {integrity: sha512-4EDEmvxWtgsCnnVeBvtFIFZtUhPPt1+bA9JrSwU4Sa//6oKtzCSlGGXYJr44OD9aGISymbieJ4mCKHUygUDU+g==}
    engines: {node: '>=18'}

  bundle-name@4.1.0:
    resolution: {integrity: sha512-tjwM5exMg6BGRI+kNmTntNsvdZS1X8BFYS6tnJ2hdH0kVxM6/eVZ2xy+FqStSWvYmtfFMDLIxurorHwDKfDz5Q==}
    engines: {node: '>=18'}

  default-browser-id@5.0.1:
    resolution: {integrity: sha512-x1VCxdX4t+8wVfd1so/9w+vQ4vx7lKd2Qp5tDRutErwmR85OgmfX7RlLRMWafRMY7hbEiXIbudNrjOAPa/hL8Q==}
    engines: {node: '>=18'}

  default-browser@5.5.0:
    resolution: {integrity: sha512-H9LMLr5zwIbSxrmvikGuI/5KGhZ8E2zH3stkMgM5LpOWDutGM2JZaj460Udnf1a+946zc7YBgrqEWwbk7zHvGw==}
    engines: {node: '>=18'}

  define-lazy-prop@3.0.0:
    resolution: {integrity: sha512-N+MeXYoqr3pOgn8xfyRPREN7gHakLYjhsHhWGT3fWAiL4IkAt0iDw14QiiEm2bE30c5XX5q0FtAA3CK5f9/BUg==}
    engines: {node: '>=12'}

  is-docker@3.0.0:
    resolution: {integrity: sha512-eljcgEDlEns/7AXFosB5K/2nCM4P7FQPkGc/DWLy5rmFEWvZayGrik1d9/QIY5nJ4f9YsVvBkA6kJpHn9rISdQ==}
    engines: {node: ^12.20.0 || ^14.13.1 || >=16.0.0}
    hasBin: true

  is-in-ssh@1.0.0:
    resolution: {integrity: sha512-jYa6Q9rH90kR1vKB6NM7qqd1mge3Fx4Dhw5TVlK1MUBqhEOuCagrEHMevNuCcbECmXZ0ThXkRm+Ymr51HwEPAw==}
    engines: {node: '>=20'}

  is-inside-container@1.0.0:
    resolution: {integrity: sha512-KIYLCCJghfHZxqjYBE7rEy0OBuTd5xCHS7tHVgvCLkx7StIoaxwNW3hCALgEUjFfeRk+MG/Qxmp/vtETEF3tRA==}
    engines: {node: '>=14.16'}
    hasBin: true

  is-wsl@3.1.0:
    resolution: {integrity: sha512-UcVfVfaK4Sc4m7X3dUSoHoozQGBEFeDC+zVo06t98xe8CzHSZZBekNXH+tu0NalHolcJ/QAGqS46Hef7QXBIMw==}
    engines: {node: '>=16'}

  mri@1.2.0:
    resolution: {integrity: sha512-tzzskb3bG8LvYGFF/mDTpq3jpI6Q9wc3LEmBaghu+DdCssd1FakN7Bc0hVNmEyGq1bq3RgfkCb3cmQLpNPOroA==}
    engines: {node: '>=4'}

  open@11.0.1:
    resolution: {integrity: sha512-NzwMUB6C1D0+Kd+9iMS/H4k+Ck3cTX6Ckyfr/gAGlmvSE1LUQZnEZvWBi4PYmMwH/S5SMeTXnE+9uAz8uF+pWw==}
    engines: {node: '>=20'}

  package-manager-detector@1.8.0:
    resolution: {integrity: sha512-yQA4H19AmPEoMUeavPMDIe1higySl/gH/yaQrkT/s07Qp+7pp2hYz30N3z2l5BkjVkF9Ow6o0wjJamm2y7Sn0A==}

  picocolors@1.1.1:
    resolution: {integrity: sha512-xceH2snhtb5M9liqDsmEw56le376mTZkEX/jEb/RxNFyegNul7eNslCXP9FDj/Lcu0X8KEyMceP2ntpaHrDEVA==}

  powershell-utils@0.1.0:
    resolution: {integrity: sha512-dM0jVuXJPsDN6DvRpea484tCUaMiXWjuCn++HGTqUWzGDjv5tZkEZldAJ/UMlqRYGFrD/etByo4/xOuC/snX2A==}
    engines: {node: '>=20'}

  powershell-utils@0.2.0:
    resolution: {integrity: sha512-ZlsFlG7MtSFCoc5xreOvBAozCJ6Pf06opgJjh9ONEv418xpZSAzNjstD36C6+JwOnfSqOW/9uDkqKjezTdxZhw==}
    engines: {node: '>=20'}

  publint@0.3.24:
    resolution: {integrity: sha512-9zS56KrKBoqi5Qt8h92uMP8TTM9AYZSgnmCo4u2priMqkOZvQnTsziZ2p5LJ2ywbYkAjoCDp2jda9u4cgFefIw==}
    engines: {node: '>=18'}
    hasBin: true

  run-applescript@7.1.0:
    resolution: {integrity: sha512-DPe5pVFaAsinSaV6QjQ6gdiedWDcRCbUuiQfQa2wmWV7+xC9bGulGI8+TdRmoFkAPaBXk8CrAbnlY2ISniJ47Q==}
    engines: {node: '>=18'}

  sade@1.8.1:
    resolution: {integrity: sha512-xal3CZX1Xlo/k4ApwCFrHVACi9fBqJ7V+mwhBsuf/1IOKbBy098Fex+Wa/5QMubw09pSZ/u8EY8PWgevJsXp1A==}
    engines: {node: '>=6'}

  tinyexec@1.3.0:
    resolution: {integrity: sha512-QKAl9m8gWWGHV8jZcPeym6j+XULi6tOf1mT83WYJ4Lk2ytW/uwAWkrP0uFsdoYMdueVJ0qs26wZ+23xeB4ibNQ==}
    engines: {node: '>=18'}

  wsl-utils@1.0.0:
    resolution: {integrity: sha512-Hl0ZOAs672vg+06kfujwRhoS6/jehvULrlFkuF2dRu6pHgA8U06h3xqNIqNNU1LTXPcedxByAR4GS6pwQK0mgA==}
    engines: {node: '>=20'}

snapshots:

  '@publint/pack@0.1.7':
    dependencies:
      tinyexec: 1.3.0

  bundle-name@4.1.0:
    dependencies:
      run-applescript: 7.1.0

  default-browser-id@5.0.1: {}

  default-browser@5.5.0:
    dependencies:
      bundle-name: 4.1.0
      default-browser-id: 5.0.1

  define-lazy-prop@3.0.0: {}

  is-docker@3.0.0: {}

  is-in-ssh@1.0.0: {}

  is-inside-container@1.0.0:
    dependencies:
      is-docker: 3.0.0

  is-wsl@3.1.0:
    dependencies:
      is-inside-container: 1.0.0

  mri@1.2.0: {}

  open@11.0.1:
    dependencies:
      default-browser: 5.5.0
      define-lazy-prop: 3.0.0
      is-in-ssh: 1.0.0
      is-inside-container: 1.0.0
      powershell-utils: 0.2.0
      wsl-utils: 1.0.0

  package-manager-detector@1.8.0: {}

  picocolors@1.1.1: {}

  powershell-utils@0.1.0: {}

  powershell-utils@0.2.0: {}

  publint@0.3.24:
    dependencies:
      '@publint/pack': 0.1.7
      package-manager-detector: 1.8.0
      picocolors: 1.1.1
      sade: 1.8.1

  run-applescript@7.1.0: {}

  sade@1.8.1:
    dependencies:
      mri: 1.2.0

  tinyexec@1.3.0: {}

  wsl-utils@1.0.0:
    dependencies:
      is-wsl: 3.1.0
      powershell-utils: 0.1.0
